
Microsoft Visual Studio Solution File, Format Version 12.00
# Visual Studio 15
VisualStudioVersion = 15.0.26430.15
MinimumVisualStudioVersion = 10.0.40219.1
Project("{FAE04EC0-301F-11D3-BF4B-00C04F79EFBC}") = "PogoniumImporter.Android", "PogoniumImporter\PogoniumImporter.Android\PogoniumImporter.Android.csproj", "{1CBB3D2E-DD40-40C9-BBBA-058F0959BA53}"
EndProject
Project("{FAE04EC0-301F-11D3-BF4B-00C04F79EFBC}") = "PogoniumImporter", "PogoniumImporter\PogoniumImporter\PogoniumImporter.csproj", "{6870A869-8623-4AB8-AF05-7F6563478648}"
EndProject
Global
	GlobalSection(SolutionConfigurationPlatforms) = preSolution
		Debug|Any CPU = Debug|Any CPU
		Debug|ARM = Debug|ARM
		Debug|iPhone = Debug|iPhone
		Debug|iPhoneSimulator = Debug|iPhoneSimulator
		Debug|x64 = Debug|x64
		Debug|x86 = Debug|x86
		Release|Any CPU = Release|Any CPU
		Release|ARM = Release|ARM
		Release|iPhone = Release|iPhone
		Release|iPhoneSimulator = Release|iPhoneSimulator
		Release|x64 = Release|x64
		Release|x86 = Release|x86
	EndGlobalSection
	GlobalSection(ProjectConfigurationPlatforms) = postSolution
		{1CBB3D2E-DD40-40C9-BBBA-058F0959BA53}.Debug|Any CPU.ActiveCfg = Debug|Any CPU
		{1CBB3D2E-DD40-40C9-BBBA-058F0959BA53}.Debug|Any CPU.Build.0 = Debug|Any CPU
		{1CBB3D2E-DD40-40C9-BBBA-058F0959BA53}.Debug|Any CPU.Deploy.0 = Debug|Any CPU
		{1CBB3D2E-DD40-40C9-BBBA-058F0959BA53}.Debug|ARM.ActiveCfg = Debug|Any CPU
		{1CBB3D2E-DD40-40C9-BBBA-058F0959BA53}.Debug|ARM.Build.0 = Debug|Any CPU
		{1CBB3D2E-DD40-40C9-BBBA-058F0959BA53}.Debug|ARM.Deploy.0 = Debug|Any CPU
		{1CBB3D2E-DD40-40C9-BBBA-058F0959BA53}.Debug|iPhone.ActiveCfg = Debug|Any CPU
		{1CBB3D2E-DD40-40C9-BBBA-058F0959BA53}.Debug|iPhone.Build.0 = Debug|Any CPU
		{1CBB3D2E-DD40-40C9-BBBA-058F0959BA53}.Debug|iPhone.Deploy.0 = Debug|Any CPU
		{1CBB3D2E-DD40-40C9-BBBA-058F0959BA53}.Debug|iPhoneSimulator.ActiveCfg = Debug|Any CPU
		{1CBB3D2E-DD40-40C9-BBBA-058F0959BA53}.Debug|iPhoneSimulator.Build.0 = Debug|Any CPU
		{1CBB3D2E-DD40-40C9-BBBA-058F0959BA53}.Debug|iPhoneSimulator.Deploy.0 = Debug|Any CPU
		{1CBB3D2E-DD40-40C9-BBBA-058F0959BA53}.Debug|x64.ActiveCfg = Debug|Any CPU
		{1CBB3D2E-DD40-40C9-BBBA-058F0959BA53}.Debug|x64.Build.0 = Debug|Any CPU
		{1CBB3D2E-DD40-40C9-BBBA-058F0959BA53}.Debug|x64.Deploy.0 = Debug|Any CPU
		{1CBB3D2E-DD40-40C9-BBBA-058F0959BA53}.Debug|x86.ActiveCfg = Debug|Any CPU
		{1CBB3D2E-DD40-40C9-BBBA-058F0959BA53}.Debug|x86.Build.0 = Debug|Any CPU
		{1CBB3D2E-DD40-40C9-BBBA-058F0959BA53}.Debug|x86.Deploy.0 = Debug|Any CPU
		{1CBB3D2E-DD40-40C9-BBBA-058F0959BA53}.Release|Any CPU.ActiveCfg = Release|Any CPU
		{1CBB3D2E-DD40-40C9-BBBA-058F0959BA53}.Release|Any CPU.Build.0 = Release|Any CPU
		{1CBB3D2E-DD40-40C9-BBBA-058F0959BA53}.Release|Any CPU.Deploy.0 = Release|Any CPU
		{1CBB3D2E-DD40-40C9-BBBA-058F0959BA53}.Release|ARM.ActiveCfg = Release|Any CPU
		{1CBB3D2E-DD40-40C9-BBBA-058F0959BA53}.Release|ARM.Build.0 = Release|Any CPU
		{1CBB3D2E-DD40-40C9-BBBA-058F0959BA53}.Release|ARM.Deploy.0 = Release|Any CPU
		{1CBB3D2E-DD40-40C9-BBBA-058F0959BA53}.Release|iPhone.ActiveCfg = Release|Any CPU
		{1CBB3D2E-DD40-40C9-BBBA-058F0959BA53}.Release|iPhone.Build.0 = Release|Any CPU
		{1CBB3D2E-DD40-40C9-BBBA-058F0959BA53}.Release|iPhone.Deploy.0 = Release|Any CPU
		{1CBB3D2E-DD40-40C9-BBBA-058F0959BA53}.Release|iPhoneSimulator.ActiveCfg = Release|Any CPU
		{1CBB3D2E-DD40-40C9-BBBA-058F0959BA53}.Release|iPhoneSimulator.Build.0 = Release|Any CPU
		{1CBB3D2E-DD40-40C9-BBBA-058F0959BA53}.Release|iPhoneSimulator.Deploy.0 = Release|Any CPU
		{1CBB3D2E-DD40-40C9-BBBA-058F0959BA53}.Release|x64.ActiveCfg = Release|Any CPU
		{1CBB3D2E-DD40-40C9-BBBA-058F0959BA53}.Release|x64.Build.0 = Release|Any CPU
		{1CBB3D2E-DD40-40C9-BBBA-058F0959BA53}.Release|x64.Deploy.0 = Release|Any CPU
		{1CBB3D2E-DD40-40C9-BBBA-058F0959BA53}.Release|x86.ActiveCfg = Release|Any CPU
		{1CBB3D2E-DD40-40C9-BBBA-058F0959BA53}.Release|x86.Build.0 = Release|Any CPU
		{1CBB3D2E-DD40-40C9-BBBA-058F0959BA53}.Release|x86.Deploy.0 = Release|Any CPU
		{6870A869-8623-4AB8-AF05-7F6563478648}.Debug|Any CPU.ActiveCfg = Debug|Any CPU
		{6870A869-8623-4AB8-AF05-7F6563478648}.Debug|Any CPU.Build.0 = Debug|Any CPU
		{6870A869-8623-4AB8-AF05-7F6563478648}.Debug|ARM.ActiveCfg = Debug|Any CPU
		{6870A869-8623-4AB8-AF05-7F6563478648}.Debug|ARM.Build.0 = Debug|Any CPU
		{6870A869-8623-4AB8-AF05-7F6563478648}.Debug|iPhone.ActiveCfg = Debug|Any CPU
		{6870A869-8623-4AB8-AF05-7F6563478648}.Debug|iPhone.Build.0 = Debug|Any CPU
		{6870A869-8623-4AB8-AF05-7F6563478648}.Debug|iPhoneSimulator.ActiveCfg = Debug|Any CPU
		{6870A869-8623-4AB8-AF05-7F6563478648}.Debug|iPhoneSimulator.Build.0 = Debug|Any CPU
		{6870A869-8623-4AB8-AF05-7F6563478648}.Debug|x64.ActiveCfg = Debug|Any CPU
		{6870A869-8623-4AB8-AF05-7F6563478648}.Debug|x64.Build.0 = Debug|Any CPU
		{6870A869-8623-4AB8-AF05-7F6563478648}.Debug|x86.ActiveCfg = Debug|Any CPU
		{6870A869-8623-4AB8-AF05-7F6563478648}.Debug|x86.Build.0 = Debug|Any CPU
		{6870A869-8623-4AB8-AF05-7F6563478648}.Release|Any CPU.ActiveCfg = Release|Any CPU
		{6870A869-8623-4AB8-AF05-7F6563478648}.Release|Any CPU.Build.0 = Release|Any CPU
		{6870A869-8623-4AB8-AF05-7F6563478648}.Release|ARM.ActiveCfg = Release|Any CPU
		{6870A869-8623-4AB8-AF05-7F6563478648}.Release|ARM.Build.0 = Release|Any CPU
		{6870A869-8623-4AB8-AF05-7F6563478648}.Release|iPhone.ActiveCfg = Release|Any CPU
		{6870A869-8623-4AB8-AF05-7F6563478648}.Release|iPhone.Build.0 = Release|Any CPU
		{6870A869-8623-4AB8-AF05-7F6563478648}.Release|iPhoneSimulator.ActiveCfg = Release|Any CPU
		{6870A869-8623-4AB8-AF05-7F6563478648}.Release|iPhoneSimulator.Build.0 = Release|Any CPU
		{6870A869-8623-4AB8-AF05-7F6563478648}.Release|x64.ActiveCfg = Release|Any CPU
		{6870A869-8623-4AB8-AF05-7F6563478648}.Release|x64.Build.0 = Release|Any CPU
		{6870A869-8623-4AB8-AF05-7F6563478648}.Release|x86.ActiveCfg = Release|Any CPU
		{6870A869-8623-4AB8-AF05-7F6563478648}.Release|x86.Build.0 = Release|Any CPU
	EndGlobalSection
	GlobalSection(SolutionProperties) = preSolution
		HideSolutionNode = FALSE
	EndGlobalSection
EndGlobal
